
Microsoft Visual Studio Solution File, Format Version 12.00
# Visual Studio Version 17
VisualStudioVersion = 17.0.32014.148
MinimumVisualStudioVersion = 10.0.40219.1
Project("{9A19103F-16F7-4668-BE54-9A1E7A4F7556}") = "my-books", "my-books.csproj", "{C59ABEF0-39A2-4A9A-A134-B6473E7BCB96}"
EndProject
Project("{FAE04EC0-301F-11D3-BF4B-00C04F79EFBC}") = "my-books-tests", "..\my-books-tests\my-books-tests.csproj", "{0D6DA24F-DC96-48FF-826D-1E0E5EAF2460}"
EndProject
Global
	GlobalSection(SolutionConfigurationPlatforms) = preSolution
		Debug|Any CPU = Debug|Any CPU
		Release|Any CPU = Release|Any CPU
	EndGlobalSection
	GlobalSection(ProjectConfigurationPlatforms) = postSolution
		{C59ABEF0-39A2-4A9A-A134-B6473E7BCB96}.Debug|Any CPU.ActiveCfg = Debug|Any CPU
		{C59ABEF0-39A2-4A9A-A134-B6473E7BCB96}.Debug|Any CPU.Build.0 = Debug|Any CPU
		{C59ABEF0-39A2-4A9A-A134-B6473E7BCB96}.Release|Any CPU.ActiveCfg = Release|Any CPU
		{C59ABEF0-39A2-4A9A-A134-B6473E7BCB96}.Release|Any CPU.Build.0 = Release|Any CPU
		{0D6DA24F-DC96-48FF-826D-1E0E5EAF2460}.Debug|Any CPU.ActiveCfg = Debug|Any CPU
		{0D6DA24F-DC96-48FF-826D-1E0E5EAF2460}.Debug|Any CPU.Build.0 = Debug|Any CPU
		{0D6DA24F-DC96-48FF-826D-1E0E5EAF2460}.Release|Any CPU.ActiveCfg = Release|Any CPU
		{0D6DA24F-DC96-48FF-826D-1E0E5EAF2460}.Release|Any CPU.Build.0 = Release|Any CPU
	EndGlobalSection
	GlobalSection(SolutionProperties) = preSolution
		HideSolutionNode = FALSE
	EndGlobalSection
	GlobalSection(ExtensibilityGlobals) = postSolution
		SolutionGuid = {12F8DE0F-D371-49C5-B046-5D517C93A4D0}
	EndGlobalSection
EndGlobal
